Microsoft Visual Studio Solution File, Format Version 12.00
# Visual Studio 14
VisualStudioVersion = 14.0.24720.0
MinimumVisualStudioVersion = 10.0.40219.1
Project("{FAE04EC0-301F-11D3-BF4B-00C04F79EFBC}") = "SEEK.Automation.Phantom", "SEEK.Automation.Phantom\SEEK.Automation.Phantom.csproj", "{5D3A3596-2B04-4BEB-82A9-2CBCCEE85637}"
EndProject
Project("{2150E333-8FDC-42A3-9474-1A3956D46DE8}") = "Build", "Build", "{14DF6B4C-AFE6-4280-9234-FDBBA7FB2537}"
	ProjectSection(SolutionItems) = preProject
		..\build.cake = ..\build.cake
		..\build.ps1 = ..\build.ps1
	EndProjectSection
EndProject
Project("{2150E333-8FDC-42A3-9474-1A3956D46DE8}") = "Doco", "Doco", "{6FCB8B08-CC16-4D76-BC27-87248360B99C}"
	ProjectSection(SolutionItems) = preProject
		..\README.md = ..\README.md
		..\RELEASENOTES.md = ..\RELEASENOTES.md
	EndProjectSection
EndProject
Project("{FAE04EC0-301F-11D3-BF4B-00C04F79EFBC}") = "SEEK.Automation.Phantom.Tests", "SEEK.Automation.Phantom.Tests\SEEK.Automation.Phantom.Tests.csproj", "{71DEACF5-D14C-47D1-B0C1-4E9DE5AA9BCC}"
EndProject
Global
	GlobalSection(SolutionConfigurationPlatforms) = preSolution
		Debug|Any CPU = Debug|Any CPU
		Release|Any CPU = Release|Any CPU
	EndGlobalSection
	GlobalSection(ProjectConfigurationPlatforms) = postSolution
		{5D3A3596-2B04-4BEB-82A9-2CBCCEE85637}.Debug|Any CPU.ActiveCfg = Debug|Any CPU
		{5D3A3596-2B04-4BEB-82A9-2CBCCEE85637}.Debug|Any CPU.Build.0 = Debug|Any CPU
		{5D3A3596-2B04-4BEB-82A9-2CBCCEE85637}.Release|Any CPU.ActiveCfg = Release|Any CPU
		{5D3A3596-2B04-4BEB-82A9-2CBCCEE85637}.Release|Any CPU.Build.0 = Release|Any CPU
		{71DEACF5-D14C-47D1-B0C1-4E9DE5AA9BCC}.Debug|Any CPU.ActiveCfg = Debug|Any CPU
		{71DEACF5-D14C-47D1-B0C1-4E9DE5AA9BCC}.Debug|Any CPU.Build.0 = Debug|Any CPU
		{71DEACF5-D14C-47D1-B0C1-4E9DE5AA9BCC}.Release|Any CPU.ActiveCfg = Release|Any CPU
		{71DEACF5-D14C-47D1-B0C1-4E9DE5AA9BCC}.Release|Any CPU.Build.0 = Release|Any CPU
	EndGlobalSection
	GlobalSection(SolutionProperties) = preSolution
		HideSolutionNode = FALSE
	EndGlobalSection
EndGlobal
